
Microsoft Visual Studio Solution File, Format Version 12.00
# Visual Studio Version 17
VisualStudioVersion = 17.13.35919.96 d17.13
MinimumVisualStudioVersion = 10.0.40219.1
Project("{FAE04EC0-301F-11D3-BF4B-00C04F79EFBC}") = "SortedList", "SortedList\SortedList.csproj", "{5FAD1BE9-81A4-4AB7-AFDB-6990640F590C}"
EndProject
Global
	GlobalSection(SolutionConfigurationPlatforms) = preSolution
		Debug|Any CPU = Debug|Any CPU
		Release|Any CPU = Release|Any CPU
	EndGlobalSection
	GlobalSection(ProjectConfigurationPlatforms) = postSolution
		{5FAD1BE9-81A4-4AB7-AFDB-6990640F590C}.Debug|Any CPU.ActiveCfg = Debug|Any CPU
		{5FAD1BE9-81A4-4AB7-AFDB-6990640F590C}.Debug|Any CPU.Build.0 = Debug|Any CPU
		{5FAD1BE9-81A4-4AB7-AFDB-6990640F590C}.Release|Any CPU.ActiveCfg = Release|Any CPU
		{5FAD1BE9-81A4-4AB7-AFDB-6990640F590C}.Release|Any CPU.Build.0 = Release|Any CPU
	EndGlobalSection
	GlobalSection(SolutionProperties) = preSolution
		HideSolutionNode = FALSE
	EndGlobalSection
	GlobalSection(ExtensibilityGlobals) = postSolution
		SolutionGuid = {BE24EC35-24FE-482E-B641-3C7EF716AB3A}
	EndGlobalSection
EndGlobal
