
Microsoft Visual Studio Solution File, Format Version 12.00
# Visual Studio Version 17
VisualStudioVersion = 17.10.35027.167
MinimumVisualStudioVersion = 10.0.40219.1
Project("{FAE04EC0-301F-11D3-BF4B-00C04F79EFBC}") = "Do_While_Example", "Do_While_Example\Do_While_Example.csproj", "{97FE224B-71A2-4553-82FB-2E64A479EE2E}"
EndProject
Global
	GlobalSection(SolutionConfigurationPlatforms) = preSolution
		Debug|Any CPU = Debug|Any CPU
		Release|Any CPU = Release|Any CPU
	EndGlobalSection
	GlobalSection(ProjectConfigurationPlatforms) = postSolution
		{97FE224B-71A2-4553-82FB-2E64A479EE2E}.Debug|Any CPU.ActiveCfg = Debug|Any CPU
		{97FE224B-71A2-4553-82FB-2E64A479EE2E}.Debug|Any CPU.Build.0 = Debug|Any CPU
		{97FE224B-71A2-4553-82FB-2E64A479EE2E}.Release|Any CPU.ActiveCfg = Release|Any CPU
		{97FE224B-71A2-4553-82FB-2E64A479EE2E}.Release|Any CPU.Build.0 = Release|Any CPU
	EndGlobalSection
	GlobalSection(SolutionProperties) = preSolution
		HideSolutionNode = FALSE
	EndGlobalSection
	GlobalSection(ExtensibilityGlobals) = postSolution
		SolutionGuid = {38149952-7EA9-486F-9855-1DC1A5F389C7}
	EndGlobalSection
EndGlobal
