
Microsoft Visual Studio Solution File, Format Version 12.00
# Visual Studio Version 17
VisualStudioVersion = 17.10.35027.167
MinimumVisualStudioVersion = 10.0.40219.1
Project("{FAE04EC0-301F-11D3-BF4B-00C04F79EFBC}") = "ArrayTypeMismatchException", "ArrayTypeMismatchException\ArrayTypeMismatchException.csproj", "{5C602A37-BDB1-46AA-906D-4D311CCF8813}"
EndProject
Global
	GlobalSection(SolutionConfigurationPlatforms) = preSolution
		Debug|Any CPU = Debug|Any CPU
		Release|Any CPU = Release|Any CPU
	EndGlobalSection
	GlobalSection(ProjectConfigurationPlatforms) = postSolution
		{5C602A37-BDB1-46AA-906D-4D311CCF8813}.Debug|Any CPU.ActiveCfg = Debug|Any CPU
		{5C602A37-BDB1-46AA-906D-4D311CCF8813}.Debug|Any CPU.Build.0 = Debug|Any CPU
		{5C602A37-BDB1-46AA-906D-4D311CCF8813}.Release|Any CPU.ActiveCfg = Release|Any CPU
		{5C602A37-BDB1-46AA-906D-4D311CCF8813}.Release|Any CPU.Build.0 = Release|Any CPU
	EndGlobalSection
	GlobalSection(SolutionProperties) = preSolution
		HideSolutionNode = FALSE
	EndGlobalSection
	GlobalSection(ExtensibilityGlobals) = postSolution
		SolutionGuid = {9BE46DF6-8222-43B6-A588-0802C8FAAA98}
	EndGlobalSection
EndGlobal
