
Microsoft Visual Studio Solution File, Format Version 12.00
# Visual Studio Version 17
VisualStudioVersion = 17.13.35919.96 d17.13
MinimumVisualStudioVersion = 10.0.40219.1
Project("{FAE04EC0-301F-11D3-BF4B-00C04F79EFBC}") = "NullReference_Exception", "NullReference_Exception\NullReference_Exception.csproj", "{3751149C-23EF-41F1-8C8F-A1014733D70C}"
EndProject
Global
	GlobalSection(SolutionConfigurationPlatforms) = preSolution
		Debug|Any CPU = Debug|Any CPU
		Release|Any CPU = Release|Any CPU
	EndGlobalSection
	GlobalSection(ProjectConfigurationPlatforms) = postSolution
		{3751149C-23EF-41F1-8C8F-A1014733D70C}.Debug|Any CPU.ActiveCfg = Debug|Any CPU
		{3751149C-23EF-41F1-8C8F-A1014733D70C}.Debug|Any CPU.Build.0 = Debug|Any CPU
		{3751149C-23EF-41F1-8C8F-A1014733D70C}.Release|Any CPU.ActiveCfg = Release|Any CPU
		{3751149C-23EF-41F1-8C8F-A1014733D70C}.Release|Any CPU.Build.0 = Release|Any CPU
	EndGlobalSection
	GlobalSection(SolutionProperties) = preSolution
		HideSolutionNode = FALSE
	EndGlobalSection
	GlobalSection(ExtensibilityGlobals) = postSolution
		SolutionGuid = {DD4DC25C-FD82-4C56-9049-BFFC00B76628}
	EndGlobalSection
EndGlobal
