
Microsoft Visual Studio Solution File, Format Version 12.00
# Visual Studio Version 17
VisualStudioVersion = 17.10.35027.167
MinimumVisualStudioVersion = 10.0.40219.1
Project("{FAE04EC0-301F-11D3-BF4B-00C04F79EFBC}") = "Linq_query", "Linq_query\Linq_query.csproj", "{9D6D7689-7401-43DA-9BDA-AE369DBEDFA9}"
EndProject
Global
	GlobalSection(SolutionConfigurationPlatforms) = preSolution
		Debug|Any CPU = Debug|Any CPU
		Release|Any CPU = Release|Any CPU
	EndGlobalSection
	GlobalSection(ProjectConfigurationPlatforms) = postSolution
		{9D6D7689-7401-43DA-9BDA-AE369DBEDFA9}.Debug|Any CPU.ActiveCfg = Debug|Any CPU
		{9D6D7689-7401-43DA-9BDA-AE369DBEDFA9}.Debug|Any CPU.Build.0 = Debug|Any CPU
		{9D6D7689-7401-43DA-9BDA-AE369DBEDFA9}.Release|Any CPU.ActiveCfg = Release|Any CPU
		{9D6D7689-7401-43DA-9BDA-AE369DBEDFA9}.Release|Any CPU.Build.0 = Release|Any CPU
	EndGlobalSection
	GlobalSection(SolutionProperties) = preSolution
		HideSolutionNode = FALSE
	EndGlobalSection
	GlobalSection(ExtensibilityGlobals) = postSolution
		SolutionGuid = {B497FE6F-CA7A-40F9-A2C8-8CDE3DD0AF91}
	EndGlobalSection
EndGlobal
