
Microsoft Visual Studio Solution File, Format Version 12.00
# Visual Studio Version 17
VisualStudioVersion = 17.13.35919.96 d17.13
MinimumVisualStudioVersion = 10.0.40219.1
Project("{FAE04EC0-301F-11D3-BF4B-00C04F79EFBC}") = "Non-Generic_ArrayList", "Non-Generic_ArrayList\Non-Generic_ArrayList.csproj", "{5C0622A1-2816-4425-9155-57EE203E1F9F}"
EndProject
Global
	GlobalSection(SolutionConfigurationPlatforms) = preSolution
		Debug|Any CPU = Debug|Any CPU
		Release|Any CPU = Release|Any CPU
	EndGlobalSection
	GlobalSection(ProjectConfigurationPlatforms) = postSolution
		{5C0622A1-2816-4425-9155-57EE203E1F9F}.Debug|Any CPU.ActiveCfg = Debug|Any CPU
		{5C0622A1-2816-4425-9155-57EE203E1F9F}.Debug|Any CPU.Build.0 = Debug|Any CPU
		{5C0622A1-2816-4425-9155-57EE203E1F9F}.Release|Any CPU.ActiveCfg = Release|Any CPU
		{5C0622A1-2816-4425-9155-57EE203E1F9F}.Release|Any CPU.Build.0 = Release|Any CPU
	EndGlobalSection
	GlobalSection(SolutionProperties) = preSolution
		HideSolutionNode = FALSE
	EndGlobalSection
	GlobalSection(ExtensibilityGlobals) = postSolution
		SolutionGuid = {7AD3387B-1685-4967-88C3-D2D705B1D079}
	EndGlobalSection
EndGlobal
