
Microsoft Visual Studio Solution File, Format Version 12.00
# Visual Studio Version 17
VisualStudioVersion = 17.10.35027.167
MinimumVisualStudioVersion = 10.0.40219.1
Project("{FAE04EC0-301F-11D3-BF4B-00C04F79EFBC}") = "Pet_Workshop2", "Pet_Workshop2\Pet_Workshop2.csproj", "{7D0ADFAD-8D4E-4350-9720-22F85E8CD7CB}"
EndProject
Global
	GlobalSection(SolutionConfigurationPlatforms) = preSolution
		Debug|Any CPU = Debug|Any CPU
		Release|Any CPU = Release|Any CPU
	EndGlobalSection
	GlobalSection(ProjectConfigurationPlatforms) = postSolution
		{7D0ADFAD-8D4E-4350-9720-22F85E8CD7CB}.Debug|Any CPU.ActiveCfg = Debug|Any CPU
		{7D0ADFAD-8D4E-4350-9720-22F85E8CD7CB}.Debug|Any CPU.Build.0 = Debug|Any CPU
		{7D0ADFAD-8D4E-4350-9720-22F85E8CD7CB}.Release|Any CPU.ActiveCfg = Release|Any CPU
		{7D0ADFAD-8D4E-4350-9720-22F85E8CD7CB}.Release|Any CPU.Build.0 = Release|Any CPU
	EndGlobalSection
	GlobalSection(SolutionProperties) = preSolution
		HideSolutionNode = FALSE
	EndGlobalSection
	GlobalSection(ExtensibilityGlobals) = postSolution
		SolutionGuid = {BA49BF5C-4EAE-459D-A1D0-A488CCBEB215}
	EndGlobalSection
EndGlobal
