
Microsoft Visual Studio Solution File, Format Version 12.00
# Visual Studio Version 17
VisualStudioVersion = 17.14.36203.30 d17.14
MinimumVisualStudioVersion = 10.0.40219.1
Project("{FAE04EC0-301F-11D3-BF4B-00C04F79EFBC}") = "EntityFrameworkexmpl1", "EntityFrameworkexmpl1\EntityFrameworkexmpl1.csproj", "{DD6D5D06-2785-4324-8A44-5A84B50C975E}"
EndProject
Global
	GlobalSection(SolutionConfigurationPlatforms) = preSolution
		Debug|Any CPU = Debug|Any CPU
		Release|Any CPU = Release|Any CPU
	EndGlobalSection
	GlobalSection(ProjectConfigurationPlatforms) = postSolution
		{DD6D5D06-2785-4324-8A44-5A84B50C975E}.Debug|Any CPU.ActiveCfg = Debug|Any CPU
		{DD6D5D06-2785-4324-8A44-5A84B50C975E}.Debug|Any CPU.Build.0 = Debug|Any CPU
		{DD6D5D06-2785-4324-8A44-5A84B50C975E}.Release|Any CPU.ActiveCfg = Release|Any CPU
		{DD6D5D06-2785-4324-8A44-5A84B50C975E}.Release|Any CPU.Build.0 = Release|Any CPU
	EndGlobalSection
	GlobalSection(SolutionProperties) = preSolution
		HideSolutionNode = FALSE
	EndGlobalSection
	GlobalSection(ExtensibilityGlobals) = postSolution
		SolutionGuid = {EECB1970-5477-4A41-B414-4D395B800675}
	EndGlobalSection
EndGlobal
