
Microsoft Visual Studio Solution File, Format Version 12.00
# Visual Studio Version 17
VisualStudioVersion = 17.13.35919.96 d17.13
MinimumVisualStudioVersion = 10.0.40219.1
Project("{FAE04EC0-301F-11D3-BF4B-00C04F79EFBC}") = "PetApp", "PetApp\PetApp.csproj", "{7B4E66EA-E717-4F88-9F86-0B5CDFC208B2}"
EndProject
Global
	GlobalSection(SolutionConfigurationPlatforms) = preSolution
		Debug|Any CPU = Debug|Any CPU
		Release|Any CPU = Release|Any CPU
	EndGlobalSection
	GlobalSection(ProjectConfigurationPlatforms) = postSolution
		{7B4E66EA-E717-4F88-9F86-0B5CDFC208B2}.Debug|Any CPU.ActiveCfg = Debug|Any CPU
		{7B4E66EA-E717-4F88-9F86-0B5CDFC208B2}.Debug|Any CPU.Build.0 = Debug|Any CPU
		{7B4E66EA-E717-4F88-9F86-0B5CDFC208B2}.Release|Any CPU.ActiveCfg = Release|Any CPU
		{7B4E66EA-E717-4F88-9F86-0B5CDFC208B2}.Release|Any CPU.Build.0 = Release|Any CPU
	EndGlobalSection
	GlobalSection(SolutionProperties) = preSolution
		HideSolutionNode = FALSE
	EndGlobalSection
	GlobalSection(ExtensibilityGlobals) = postSolution
		SolutionGuid = {1324FC4C-3465-4909-B2E2-3E88826C798E}
	EndGlobalSection
EndGlobal
