
Microsoft Visual Studio Solution File, Format Version 12.00
# Visual Studio Version 17
VisualStudioVersion = 17.14.36203.30 d17.14
MinimumVisualStudioVersion = 10.0.40219.1
Project("{FAE04EC0-301F-11D3-BF4B-00C04F79EFBC}") = "Linq_Exmpl6", "Linq_Exmpl6\Linq_Exmpl6.csproj", "{26710DA9-2086-429F-9A16-F844D29E2330}"
EndProject
Global
	GlobalSection(SolutionConfigurationPlatforms) = preSolution
		Debug|Any CPU = Debug|Any CPU
		Release|Any CPU = Release|Any CPU
	EndGlobalSection
	GlobalSection(ProjectConfigurationPlatforms) = postSolution
		{26710DA9-2086-429F-9A16-F844D29E2330}.Debug|Any CPU.ActiveCfg = Debug|Any CPU
		{26710DA9-2086-429F-9A16-F844D29E2330}.Debug|Any CPU.Build.0 = Debug|Any CPU
		{26710DA9-2086-429F-9A16-F844D29E2330}.Release|Any CPU.ActiveCfg = Release|Any CPU
		{26710DA9-2086-429F-9A16-F844D29E2330}.Release|Any CPU.Build.0 = Release|Any CPU
	EndGlobalSection
	GlobalSection(SolutionProperties) = preSolution
		HideSolutionNode = FALSE
	EndGlobalSection
	GlobalSection(ExtensibilityGlobals) = postSolution
		SolutionGuid = {D8982280-B5AB-4796-83F0-F357AA24D6C8}
	EndGlobalSection
EndGlobal
