
Microsoft Visual Studio Solution File, Format Version 12.00
# Visual Studio Version 17
VisualStudioVersion = 17.10.35027.167
MinimumVisualStudioVersion = 10.0.40219.1
Project("{FAE04EC0-301F-11D3-BF4B-00C04F79EFBC}") = "EmptyAt-EmptyAtOrDefault", "EmptyAt-EmptyAtOrDefault\EmptyAt-EmptyAtOrDefault.csproj", "{1CD6FAF9-665F-4406-B355-A6F65AB1B4CB}"
EndProject
Global
	GlobalSection(SolutionConfigurationPlatforms) = preSolution
		Debug|Any CPU = Debug|Any CPU
		Release|Any CPU = Release|Any CPU
	EndGlobalSection
	GlobalSection(ProjectConfigurationPlatforms) = postSolution
		{1CD6FAF9-665F-4406-B355-A6F65AB1B4CB}.Debug|Any CPU.ActiveCfg = Debug|Any CPU
		{1CD6FAF9-665F-4406-B355-A6F65AB1B4CB}.Debug|Any CPU.Build.0 = Debug|Any CPU
		{1CD6FAF9-665F-4406-B355-A6F65AB1B4CB}.Release|Any CPU.ActiveCfg = Release|Any CPU
		{1CD6FAF9-665F-4406-B355-A6F65AB1B4CB}.Release|Any CPU.Build.0 = Release|Any CPU
	EndGlobalSection
	GlobalSection(SolutionProperties) = preSolution
		HideSolutionNode = FALSE
	EndGlobalSection
	GlobalSection(ExtensibilityGlobals) = postSolution
		SolutionGuid = {74ED3153-2EF6-49A5-8E35-95CA9B8668B0}
	EndGlobalSection
EndGlobal
