
Microsoft Visual Studio Solution File, Format Version 12.00
# Visual Studio Version 17
VisualStudioVersion = 17.14.36203.30 d17.14
MinimumVisualStudioVersion = 10.0.40219.1
Project("{FAE04EC0-301F-11D3-BF4B-00C04F79EFBC}") = "Linq_Exmpl2", "Linq_Exmpl2\Linq_Exmpl2.csproj", "{27576C8C-BB57-4461-8D90-BD1208CD56DA}"
EndProject
Global
	GlobalSection(SolutionConfigurationPlatforms) = preSolution
		Debug|Any CPU = Debug|Any CPU
		Release|Any CPU = Release|Any CPU
	EndGlobalSection
	GlobalSection(ProjectConfigurationPlatforms) = postSolution
		{27576C8C-BB57-4461-8D90-BD1208CD56DA}.Debug|Any CPU.ActiveCfg = Debug|Any CPU
		{27576C8C-BB57-4461-8D90-BD1208CD56DA}.Debug|Any CPU.Build.0 = Debug|Any CPU
		{27576C8C-BB57-4461-8D90-BD1208CD56DA}.Release|Any CPU.ActiveCfg = Release|Any CPU
		{27576C8C-BB57-4461-8D90-BD1208CD56DA}.Release|Any CPU.Build.0 = Release|Any CPU
	EndGlobalSection
	GlobalSection(SolutionProperties) = preSolution
		HideSolutionNode = FALSE
	EndGlobalSection
	GlobalSection(ExtensibilityGlobals) = postSolution
		SolutionGuid = {2CFEC811-2E62-4690-8424-A1ED8A061D7C}
	EndGlobalSection
EndGlobal
