
Microsoft Visual Studio Solution File, Format Version 12.00
# Visual Studio Version 17
VisualStudioVersion = 17.13.35919.96 d17.13
MinimumVisualStudioVersion = 10.0.40219.1
Project("{FAE04EC0-301F-11D3-BF4B-00C04F79EFBC}") = "Pet_Details", "Pet_Details\Pet_Details.csproj", "{6E802520-3F50-4598-B4F8-1BDCB907BD6A}"
EndProject
Global
	GlobalSection(SolutionConfigurationPlatforms) = preSolution
		Debug|Any CPU = Debug|Any CPU
		Release|Any CPU = Release|Any CPU
	EndGlobalSection
	GlobalSection(ProjectConfigurationPlatforms) = postSolution
		{6E802520-3F50-4598-B4F8-1BDCB907BD6A}.Debug|Any CPU.ActiveCfg = Debug|Any CPU
		{6E802520-3F50-4598-B4F8-1BDCB907BD6A}.Debug|Any CPU.Build.0 = Debug|Any CPU
		{6E802520-3F50-4598-B4F8-1BDCB907BD6A}.Release|Any CPU.ActiveCfg = Release|Any CPU
		{6E802520-3F50-4598-B4F8-1BDCB907BD6A}.Release|Any CPU.Build.0 = Release|Any CPU
	EndGlobalSection
	GlobalSection(SolutionProperties) = preSolution
		HideSolutionNode = FALSE
	EndGlobalSection
	GlobalSection(ExtensibilityGlobals) = postSolution
		SolutionGuid = {A8FC7E01-F221-4032-A88C-2E9489BCDD00}
	EndGlobalSection
EndGlobal
