
Microsoft Visual Studio Solution File, Format Version 12.00
# Visual Studio Version 17
VisualStudioVersion = 17.10.35027.167
MinimumVisualStudioVersion = 10.0.40219.1
Project("{FAE04EC0-301F-11D3-BF4B-00C04F79EFBC}") = "class_object_method", "class_object_method\class_object_method.csproj", "{2603F948-5F10-4D98-86A5-0152D61F1428}"
EndProject
Global
	GlobalSection(SolutionConfigurationPlatforms) = preSolution
		Debug|Any CPU = Debug|Any CPU
		Release|Any CPU = Release|Any CPU
	EndGlobalSection
	GlobalSection(ProjectConfigurationPlatforms) = postSolution
		{2603F948-5F10-4D98-86A5-0152D61F1428}.Debug|Any CPU.ActiveCfg = Debug|Any CPU
		{2603F948-5F10-4D98-86A5-0152D61F1428}.Debug|Any CPU.Build.0 = Debug|Any CPU
		{2603F948-5F10-4D98-86A5-0152D61F1428}.Release|Any CPU.ActiveCfg = Release|Any CPU
		{2603F948-5F10-4D98-86A5-0152D61F1428}.Release|Any CPU.Build.0 = Release|Any CPU
	EndGlobalSection
	GlobalSection(SolutionProperties) = preSolution
		HideSolutionNode = FALSE
	EndGlobalSection
	GlobalSection(ExtensibilityGlobals) = postSolution
		SolutionGuid = {F10FC1AD-07CB-4A5D-A3F0-2A2CA463017E}
	EndGlobalSection
EndGlobal
