
Microsoft Visual Studio Solution File, Format Version 12.00
# Visual Studio Version 17
VisualStudioVersion = 17.13.35919.96 d17.13
MinimumVisualStudioVersion = 10.0.40219.1
Project("{FAE04EC0-301F-11D3-BF4B-00C04F79EFBC}") = "Polymorphism_Method_Overloading", "Polymorphism_Method_Overloading\Polymorphism_Method_Overloading.csproj", "{3C3B022B-E98B-4284-AA09-EC27BC60840D}"
EndProject
Global
	GlobalSection(SolutionConfigurationPlatforms) = preSolution
		Debug|Any CPU = Debug|Any CPU
		Release|Any CPU = Release|Any CPU
	EndGlobalSection
	GlobalSection(ProjectConfigurationPlatforms) = postSolution
		{3C3B022B-E98B-4284-AA09-EC27BC60840D}.Debug|Any CPU.ActiveCfg = Debug|Any CPU
		{3C3B022B-E98B-4284-AA09-EC27BC60840D}.Debug|Any CPU.Build.0 = Debug|Any CPU
		{3C3B022B-E98B-4284-AA09-EC27BC60840D}.Release|Any CPU.ActiveCfg = Release|Any CPU
		{3C3B022B-E98B-4284-AA09-EC27BC60840D}.Release|Any CPU.Build.0 = Release|Any CPU
	EndGlobalSection
	GlobalSection(SolutionProperties) = preSolution
		HideSolutionNode = FALSE
	EndGlobalSection
	GlobalSection(ExtensibilityGlobals) = postSolution
		SolutionGuid = {CEE9B1B3-90DE-4ED1-970C-2B4F1BC250EE}
	EndGlobalSection
EndGlobal
