
Microsoft Visual Studio Solution File, Format Version 12.00
# Visual Studio Version 17
VisualStudioVersion = 17.14.36203.30 d17.14
MinimumVisualStudioVersion = 10.0.40219.1
Project("{FAE04EC0-301F-11D3-BF4B-00C04F79EFBC}") = "Service_Repo_Crud_Manual", "Service_Repo_Crud_Manual\Service_Repo_Crud_Manual.csproj", "{AB037E74-F533-45E1-8C51-5AFE829078F1}"
EndProject
Global
	GlobalSection(SolutionConfigurationPlatforms) = preSolution
		Debug|Any CPU = Debug|Any CPU
		Release|Any CPU = Release|Any CPU
	EndGlobalSection
	GlobalSection(ProjectConfigurationPlatforms) = postSolution
		{AB037E74-F533-45E1-8C51-5AFE829078F1}.Debug|Any CPU.ActiveCfg = Debug|Any CPU
		{AB037E74-F533-45E1-8C51-5AFE829078F1}.Debug|Any CPU.Build.0 = Debug|Any CPU
		{AB037E74-F533-45E1-8C51-5AFE829078F1}.Release|Any CPU.ActiveCfg = Release|Any CPU
		{AB037E74-F533-45E1-8C51-5AFE829078F1}.Release|Any CPU.Build.0 = Release|Any CPU
	EndGlobalSection
	GlobalSection(SolutionProperties) = preSolution
		HideSolutionNode = FALSE
	EndGlobalSection
	GlobalSection(ExtensibilityGlobals) = postSolution
		SolutionGuid = {3A8DCBF4-5098-4CCF-94B3-78779D3F0A32}
	EndGlobalSection
EndGlobal
