
Microsoft Visual Studio Solution File, Format Version 12.00
# Visual Studio Version 17
VisualStudioVersion = 17.10.35027.167
MinimumVisualStudioVersion = 10.0.40219.1
Project("{FAE04EC0-301F-11D3-BF4B-00C04F79EFBC}") = "Login_Register", "Login_Register\Login_Register.csproj", "{DC281CE8-24D3-484E-B962-8F6FECAE68EF}"
EndProject
Global
	GlobalSection(SolutionConfigurationPlatforms) = preSolution
		Debug|Any CPU = Debug|Any CPU
		Release|Any CPU = Release|Any CPU
	EndGlobalSection
	GlobalSection(ProjectConfigurationPlatforms) = postSolution
		{DC281CE8-24D3-484E-B962-8F6FECAE68EF}.Debug|Any CPU.ActiveCfg = Debug|Any CPU
		{DC281CE8-24D3-484E-B962-8F6FECAE68EF}.Debug|Any CPU.Build.0 = Debug|Any CPU
		{DC281CE8-24D3-484E-B962-8F6FECAE68EF}.Release|Any CPU.ActiveCfg = Release|Any CPU
		{DC281CE8-24D3-484E-B962-8F6FECAE68EF}.Release|Any CPU.Build.0 = Release|Any CPU
	EndGlobalSection
	GlobalSection(SolutionProperties) = preSolution
		HideSolutionNode = FALSE
	EndGlobalSection
	GlobalSection(ExtensibilityGlobals) = postSolution
		SolutionGuid = {047D961A-02AD-439D-B2FF-433B20564D23}
	EndGlobalSection
EndGlobal
