
Microsoft Visual Studio Solution File, Format Version 12.00
# Visual Studio Version 17
VisualStudioVersion = 17.14.36203.30 d17.14
MinimumVisualStudioVersion = 10.0.40219.1
Project("{FAE04EC0-301F-11D3-BF4B-00C04F79EFBC}") = "Pet_App_workshop", "Pet_App_workshop\Pet_App_workshop.csproj", "{A2A0721C-7C51-4C72-B477-8B1D7DEF6E2C}"
EndProject
Global
	GlobalSection(SolutionConfigurationPlatforms) = preSolution
		Debug|Any CPU = Debug|Any CPU
		Release|Any CPU = Release|Any CPU
	EndGlobalSection
	GlobalSection(ProjectConfigurationPlatforms) = postSolution
		{A2A0721C-7C51-4C72-B477-8B1D7DEF6E2C}.Debug|Any CPU.ActiveCfg = Debug|Any CPU
		{A2A0721C-7C51-4C72-B477-8B1D7DEF6E2C}.Debug|Any CPU.Build.0 = Debug|Any CPU
		{A2A0721C-7C51-4C72-B477-8B1D7DEF6E2C}.Release|Any CPU.ActiveCfg = Release|Any CPU
		{A2A0721C-7C51-4C72-B477-8B1D7DEF6E2C}.Release|Any CPU.Build.0 = Release|Any CPU
	EndGlobalSection
	GlobalSection(SolutionProperties) = preSolution
		HideSolutionNode = FALSE
	EndGlobalSection
	GlobalSection(ExtensibilityGlobals) = postSolution
		SolutionGuid = {F7C27E39-B045-43A3-92F1-A45971737543}
	EndGlobalSection
EndGlobal
