
Microsoft Visual Studio Solution File, Format Version 12.00
# Visual Studio Version 17
VisualStudioVersion = 17.13.35919.96 d17.13
MinimumVisualStudioVersion = 10.0.40219.1
Project("{FAE04EC0-301F-11D3-BF4B-00C04F79EFBC}") = "Format_Exception", "Format_Exception\Format_Exception.csproj", "{EF776126-AA23-4EF4-9C41-DF0F31B48210}"
EndProject
Global
	GlobalSection(SolutionConfigurationPlatforms) = preSolution
		Debug|Any CPU = Debug|Any CPU
		Release|Any CPU = Release|Any CPU
	EndGlobalSection
	GlobalSection(ProjectConfigurationPlatforms) = postSolution
		{EF776126-AA23-4EF4-9C41-DF0F31B48210}.Debug|Any CPU.ActiveCfg = Debug|Any CPU
		{EF776126-AA23-4EF4-9C41-DF0F31B48210}.Debug|Any CPU.Build.0 = Debug|Any CPU
		{EF776126-AA23-4EF4-9C41-DF0F31B48210}.Release|Any CPU.ActiveCfg = Release|Any CPU
		{EF776126-AA23-4EF4-9C41-DF0F31B48210}.Release|Any CPU.Build.0 = Release|Any CPU
	EndGlobalSection
	GlobalSection(SolutionProperties) = preSolution
		HideSolutionNode = FALSE
	EndGlobalSection
	GlobalSection(ExtensibilityGlobals) = postSolution
		SolutionGuid = {46961182-9848-42F9-AF99-F8D284FB591B}
	EndGlobalSection
EndGlobal
