
Microsoft Visual Studio Solution File, Format Version 12.00
# Visual Studio Version 17
VisualStudioVersion = 17.10.35027.167
MinimumVisualStudioVersion = 10.0.40219.1
Project("{FAE04EC0-301F-11D3-BF4B-00C04F79EFBC}") = "For_Example", "For_Example\For_Example.csproj", "{B6FC366F-0ED8-4343-B1D7-B4F42D67EE5D}"
EndProject
Global
	GlobalSection(SolutionConfigurationPlatforms) = preSolution
		Debug|Any CPU = Debug|Any CPU
		Release|Any CPU = Release|Any CPU
	EndGlobalSection
	GlobalSection(ProjectConfigurationPlatforms) = postSolution
		{B6FC366F-0ED8-4343-B1D7-B4F42D67EE5D}.Debug|Any CPU.ActiveCfg = Debug|Any CPU
		{B6FC366F-0ED8-4343-B1D7-B4F42D67EE5D}.Debug|Any CPU.Build.0 = Debug|Any CPU
		{B6FC366F-0ED8-4343-B1D7-B4F42D67EE5D}.Release|Any CPU.ActiveCfg = Release|Any CPU
		{B6FC366F-0ED8-4343-B1D7-B4F42D67EE5D}.Release|Any CPU.Build.0 = Release|Any CPU
	EndGlobalSection
	GlobalSection(SolutionProperties) = preSolution
		HideSolutionNode = FALSE
	EndGlobalSection
	GlobalSection(ExtensibilityGlobals) = postSolution
		SolutionGuid = {91A7858B-F687-4086-9979-666EB0DFB349}
	EndGlobalSection
EndGlobal
