
Microsoft Visual Studio Solution File, Format Version 12.00
# Visual Studio Version 17
VisualStudioVersion = 17.14.36203.30 d17.14
MinimumVisualStudioVersion = 10.0.40219.1
Project("{FAE04EC0-301F-11D3-BF4B-00C04F79EFBC}") = "Linq_Exmpl1", "Linq_Exmpl1\Linq_Exmpl1.csproj", "{605E9329-5EBB-499D-B577-94C47EC611B3}"
EndProject
Global
	GlobalSection(SolutionConfigurationPlatforms) = preSolution
		Debug|Any CPU = Debug|Any CPU
		Release|Any CPU = Release|Any CPU
	EndGlobalSection
	GlobalSection(ProjectConfigurationPlatforms) = postSolution
		{605E9329-5EBB-499D-B577-94C47EC611B3}.Debug|Any CPU.ActiveCfg = Debug|Any CPU
		{605E9329-5EBB-499D-B577-94C47EC611B3}.Debug|Any CPU.Build.0 = Debug|Any CPU
		{605E9329-5EBB-499D-B577-94C47EC611B3}.Release|Any CPU.ActiveCfg = Release|Any CPU
		{605E9329-5EBB-499D-B577-94C47EC611B3}.Release|Any CPU.Build.0 = Release|Any CPU
	EndGlobalSection
	GlobalSection(SolutionProperties) = preSolution
		HideSolutionNode = FALSE
	EndGlobalSection
	GlobalSection(ExtensibilityGlobals) = postSolution
		SolutionGuid = {9BDDA783-C829-4296-8822-DBD9B376AAAA}
	EndGlobalSection
EndGlobal
