
Microsoft Visual Studio Solution File, Format Version 12.00
# Visual Studio Version 17
VisualStudioVersion = 17.13.35919.96 d17.13
MinimumVisualStudioVersion = 10.0.40219.1
Project("{FAE04EC0-301F-11D3-BF4B-00C04F79EFBC}") = "Queue", "Queue\Queue.csproj", "{827A835C-44AE-4252-B7FF-4FC2C42BDA23}"
EndProject
Global
	GlobalSection(SolutionConfigurationPlatforms) = preSolution
		Debug|Any CPU = Debug|Any CPU
		Release|Any CPU = Release|Any CPU
	EndGlobalSection
	GlobalSection(ProjectConfigurationPlatforms) = postSolution
		{827A835C-44AE-4252-B7FF-4FC2C42BDA23}.Debug|Any CPU.ActiveCfg = Debug|Any CPU
		{827A835C-44AE-4252-B7FF-4FC2C42BDA23}.Debug|Any CPU.Build.0 = Debug|Any CPU
		{827A835C-44AE-4252-B7FF-4FC2C42BDA23}.Release|Any CPU.ActiveCfg = Release|Any CPU
		{827A835C-44AE-4252-B7FF-4FC2C42BDA23}.Release|Any CPU.Build.0 = Release|Any CPU
	EndGlobalSection
	GlobalSection(SolutionProperties) = preSolution
		HideSolutionNode = FALSE
	EndGlobalSection
	GlobalSection(ExtensibilityGlobals) = postSolution
		SolutionGuid = {77D631C5-BC57-4462-83DF-FFE1E28B3397}
	EndGlobalSection
EndGlobal
